
Microsoft Visual Studio Solution File, Format Version 12.00
# Visual Studio Version 17
VisualStudioVersion = 17.13.35818.85
MinimumVisualStudioVersion = 10.0.40219.1
Project("{8BC9CEB8-8B4A-11D0-8D11-00A0C91BC942}") = "01_", "01_\01_.vcxproj", "{2D220803-75D2-4DA4-B59B-DF84E523857F}"
EndProject
Project("{8BC9CEB8-8B4A-11D0-8D11-00A0C91BC942}") = "02_Logic_Operator", "02_Logic_Operator\02_Logic_Operator.vcxproj", "{4B40079C-5478-4461-874C-D5A6DCE82E2B}"
EndProject
Project("{8BC9CEB8-8B4A-11D0-8D11-00A0C91BC942}") = "03_Switch_Enum_04_While", "03_Switch_Enum_04_While\03_Switch_Enum_04_While.vcxproj", "{F4EF27EA-9276-487B-9C19-F21FC604C5A1}"
EndProject
Project("{8BC9CEB8-8B4A-11D0-8D11-00A0C91BC942}") = "05_for_06_includeCycles", "05_for_06_includeCycles\05_for_06_includeCycles.vcxproj", "{BAAEA332-8285-4BE9-8970-55E1C16E0C50}"
EndProject
Project("{8BC9CEB8-8B4A-11D0-8D11-00A0C91BC942}") = "07_Array_debugger", "07_Array_debugger\07_Array_debugger.vcxproj", "{CDD0DAD5-AE92-4616-B647-F729A8200DEC}"
EndProject
Project("{8BC9CEB8-8B4A-11D0-8D11-00A0C91BC942}") = "08_Random_Matrix", "08_Random_Matrix\08_Random_Matrix.vcxproj", "{8B31B26F-FA3A-4F2E-8B50-17CBC675D881}"
EndProject
Project("{8BC9CEB8-8B4A-11D0-8D11-00A0C91BC942}") = "09_Functions", "09_Functions\09_Functions.vcxproj", "{303FC049-4C82-4344-8E42-F37FC6AB9BE3}"
EndProject
Project("{8BC9CEB8-8B4A-11D0-8D11-00A0C91BC942}") = "10_Overload_Function_and_Template", "10_Overload_Function_and_Template\10_Overload_Function_and_Template.vcxproj", "{7681E6C8-327B-47CB-BA3B-CBB5D1940FB0}"
EndProject
Project("{8BC9CEB8-8B4A-11D0-8D11-00A0C91BC942}") = "11_Search_Arrange_array_Recursion", "11_Search_Arrange_array_Recursion\11_Search_Arrange_array_Recursion.vcxproj", "{77F238CB-2791-4CF5-8E7C-5FD32AE3EA34}"
EndProject
Project("{8BC9CEB8-8B4A-11D0-8D11-00A0C91BC942}") = "12_Pointer", "12_Pointer\12_Pointer.vcxproj", "{6A2E7B1C-9655-473E-9ECE-266162263958}"
EndProject
Project("{8BC9CEB8-8B4A-11D0-8D11-00A0C91BC942}") = "13_PointerInFunctionLinks", "13_PointerInFunctionLinks\13_PointerInFunctionLinks.vcxproj", "{50350BF6-7273-45F5-AAC1-4E5EA45D85DD}"
EndProject
Project("{8BC9CEB8-8B4A-11D0-8D11-00A0C91BC942}") = "14_Links", "14_Links\14_Links.vcxproj", "{223BF79C-33FD-4222-91F0-3A6EE0B0F08B}"
EndProject
Project("{8BC9CEB8-8B4A-11D0-8D11-00A0C91BC942}") = "15_CStyleLines", "15_CStyleLines\15_CStyleLines.vcxproj", "{B1EB9EBE-304F-4D25-8554-D8F1D5FDF34E}"
EndProject
Project("{8BC9CEB8-8B4A-11D0-8D11-00A0C91BC942}") = "16_LinesFunction", "16_LinesFunction\16_LinesFunction.vcxproj", "{724B659C-0FF4-4F11-971D-4512EA2E3650}"
EndProject
Project("{8BC9CEB8-8B4A-11D0-8D11-00A0C91BC942}") = "17_Dynamic_array_Dynamic_memory", "17_Dynamic_array_Dynamic_memory\17_Dynamic_array_Dynamic_memory.vcxproj", "{20231DF0-4AC1-4F5F-A65F-AA51C27F852F}"
EndProject
Project("{8BC9CEB8-8B4A-11D0-8D11-00A0C91BC942}") = "18_Pointer_to_pointer_Dynamic_Matrix", "18_Pointer_to_pointer_Dynamic_Matrix\18_Pointer_to_pointer_Dynamic_Matrix.vcxproj", "{7F42B359-235A-4433-94C6-6B9AE092D6C7}"
EndProject
Project("{8BC9CEB8-8B4A-11D0-8D11-00A0C91BC942}") = "19_Pointer_to_function", "19_Pointer_to_function\19_Pointer_to_function.vcxproj", "{0057A3CF-C65F-4F42-B1DC-9D517E98E5B4}"
EndProject
Project("{8BC9CEB8-8B4A-11D0-8D11-00A0C91BC942}") = "20_Preprocessor", "20_Preprocessor\20_Preprocessor.vcxproj", "{8FD3691D-F419-412A-8087-AD4F9A525808}"
EndProject
Project("{8BC9CEB8-8B4A-11D0-8D11-00A0C91BC942}") = "21_Structure", "21_Structure\21_Structure.vcxproj", "{76A05EAC-1080-47AD-8AF0-BA60653FCC53}"
EndProject
Project("{8BC9CEB8-8B4A-11D0-8D11-00A0C91BC942}") = "22_Nested structs_Dynamic_array_struts", "22_Nested structs_Dynamic_array_struts\22_Nested structs_Dynamic_array_struts.vcxproj", "{30967F46-DA60-43CC-9B59-BB5BA81115F7}"
EndProject
Project("{8BC9CEB8-8B4A-11D0-8D11-00A0C91BC942}") = "23_IntroToOOP", "23_IntroToOOP\23_IntroToOOP.vcxproj", "{7787FB8F-7B41-4EAB-AC78-7140383AE3E6}"
EndProject
Project("{8BC9CEB8-8B4A-11D0-8D11-00A0C91BC942}") = "24_Constructor_Destructor", "24_Constructor_Destructor\24_Constructor_Destructor.vcxproj", "{14AF1A8E-A899-47B2-8F22-CCF22A9CC3BC}"
EndProject
Global
	GlobalSection(SolutionConfigurationPlatforms) = preSolution
		Debug|Any CPU = Debug|Any CPU
		Debug|x64 = Debug|x64
		Debug|x86 = Debug|x86
		Release|Any CPU = Release|Any CPU
		Release|x64 = Release|x64
		Release|x86 = Release|x86
	EndGlobalSection
	GlobalSection(ProjectConfigurationPlatforms) = postSolution
		{2D220803-75D2-4DA4-B59B-DF84E523857F}.Debug|Any CPU.ActiveCfg = Debug|x64
		{2D220803-75D2-4DA4-B59B-DF84E523857F}.Debug|Any CPU.Build.0 = Debug|x64
		{2D220803-75D2-4DA4-B59B-DF84E523857F}.Debug|x64.ActiveCfg = Debug|x64
		{2D220803-75D2-4DA4-B59B-DF84E523857F}.Debug|x64.Build.0 = Debug|x64
		{2D220803-75D2-4DA4-B59B-DF84E523857F}.Debug|x86.ActiveCfg = Debug|Win32
		{2D220803-75D2-4DA4-B59B-DF84E523857F}.Debug|x86.Build.0 = Debug|Win32
		{2D220803-75D2-4DA4-B59B-DF84E523857F}.Release|Any CPU.ActiveCfg = Release|x64
		{2D220803-75D2-4DA4-B59B-DF84E523857F}.Release|Any CPU.Build.0 = Release|x64
		{2D220803-75D2-4DA4-B59B-DF84E523857F}.Release|x64.ActiveCfg = Release|x64
		{2D220803-75D2-4DA4-B59B-DF84E523857F}.Release|x64.Build.0 = Release|x64
		{2D220803-75D2-4DA4-B59B-DF84E523857F}.Release|x86.ActiveCfg = Release|Win32
		{2D220803-75D2-4DA4-B59B-DF84E523857F}.Release|x86.Build.0 = Release|Win32
		{4B40079C-5478-4461-874C-D5A6DCE82E2B}.Debug|Any CPU.ActiveCfg = Debug|x64
		{4B40079C-5478-4461-874C-D5A6DCE82E2B}.Debug|Any CPU.Build.0 = Debug|x64
		{4B40079C-5478-4461-874C-D5A6DCE82E2B}.Debug|x64.ActiveCfg = Debug|x64
		{4B40079C-5478-4461-874C-D5A6DCE82E2B}.Debug|x64.Build.0 = Debug|x64
		{4B40079C-5478-4461-874C-D5A6DCE82E2B}.Debug|x86.ActiveCfg = Debug|Win32
		{4B40079C-5478-4461-874C-D5A6DCE82E2B}.Debug|x86.Build.0 = Debug|Win32
		{4B40079C-5478-4461-874C-D5A6DCE82E2B}.Release|Any CPU.ActiveCfg = Release|x64
		{4B40079C-5478-4461-874C-D5A6DCE82E2B}.Release|Any CPU.Build.0 = Release|x64
		{4B40079C-5478-4461-874C-D5A6DCE82E2B}.Release|x64.ActiveCfg = Release|x64
		{4B40079C-5478-4461-874C-D5A6DCE82E2B}.Release|x64.Build.0 = Release|x64
		{4B40079C-5478-4461-874C-D5A6DCE82E2B}.Release|x86.ActiveCfg = Release|Win32
		{4B40079C-5478-4461-874C-D5A6DCE82E2B}.Release|x86.Build.0 = Release|Win32
		{F4EF27EA-9276-487B-9C19-F21FC604C5A1}.Debug|Any CPU.ActiveCfg = Debug|x64
		{F4EF27EA-9276-487B-9C19-F21FC604C5A1}.Debug|Any CPU.Build.0 = Debug|x64
		{F4EF27EA-9276-487B-9C19-F21FC604C5A1}.Debug|x64.ActiveCfg = Debug|x64
		{F4EF27EA-9276-487B-9C19-F21FC604C5A1}.Debug|x64.Build.0 = Debug|x64
		{F4EF27EA-9276-487B-9C19-F21FC604C5A1}.Debug|x86.ActiveCfg = Debug|Win32
		{F4EF27EA-9276-487B-9C19-F21FC604C5A1}.Debug|x86.Build.0 = Debug|Win32
		{F4EF27EA-9276-487B-9C19-F21FC604C5A1}.Release|Any CPU.ActiveCfg = Release|x64
		{F4EF27EA-9276-487B-9C19-F21FC604C5A1}.Release|Any CPU.Build.0 = Release|x64
		{F4EF27EA-9276-487B-9C19-F21FC604C5A1}.Release|x64.ActiveCfg = Release|x64
		{F4EF27EA-9276-487B-9C19-F21FC604C5A1}.Release|x64.Build.0 = Release|x64
		{F4EF27EA-9276-487B-9C19-F21FC604C5A1}.Release|x86.ActiveCfg = Release|Win32
		{F4EF27EA-9276-487B-9C19-F21FC604C5A1}.Release|x86.Build.0 = Release|Win32
		{BAAEA332-8285-4BE9-8970-55E1C16E0C50}.Debug|Any CPU.ActiveCfg = Debug|x64
		{BAAEA332-8285-4BE9-8970-55E1C16E0C50}.Debug|Any CPU.Build.0 = Debug|x64
		{BAAEA332-8285-4BE9-8970-55E1C16E0C50}.Debug|x64.ActiveCfg = Debug|x64
		{BAAEA332-8285-4BE9-8970-55E1C16E0C50}.Debug|x64.Build.0 = Debug|x64
		{BAAEA332-8285-4BE9-8970-55E1C16E0C50}.Debug|x86.ActiveCfg = Debug|Win32
		{BAAEA332-8285-4BE9-8970-55E1C16E0C50}.Debug|x86.Build.0 = Debug|Win32
		{BAAEA332-8285-4BE9-8970-55E1C16E0C50}.Release|Any CPU.ActiveCfg = Release|x64
		{BAAEA332-8285-4BE9-8970-55E1C16E0C50}.Release|Any CPU.Build.0 = Release|x64
		{BAAEA332-8285-4BE9-8970-55E1C16E0C50}.Release|x64.ActiveCfg = Release|x64
		{BAAEA332-8285-4BE9-8970-55E1C16E0C50}.Release|x64.Build.0 = Release|x64
		{BAAEA332-8285-4BE9-8970-55E1C16E0C50}.Release|x86.ActiveCfg = Release|Win32
		{BAAEA332-8285-4BE9-8970-55E1C16E0C50}.Release|x86.Build.0 = Release|Win32
		{CDD0DAD5-AE92-4616-B647-F729A8200DEC}.Debug|Any CPU.ActiveCfg = Debug|x64
		{CDD0DAD5-AE92-4616-B647-F729A8200DEC}.Debug|Any CPU.Build.0 = Debug|x64
		{CDD0DAD5-AE92-4616-B647-F729A8200DEC}.Debug|x64.ActiveCfg = Debug|x64
		{CDD0DAD5-AE92-4616-B647-F729A8200DEC}.Debug|x64.Build.0 = Debug|x64
		{CDD0DAD5-AE92-4616-B647-F729A8200DEC}.Debug|x86.ActiveCfg = Debug|Win32
		{CDD0DAD5-AE92-4616-B647-F729A8200DEC}.Debug|x86.Build.0 = Debug|Win32
		{CDD0DAD5-AE92-4616-B647-F729A8200DEC}.Release|Any CPU.ActiveCfg = Release|x64
		{CDD0DAD5-AE92-4616-B647-F729A8200DEC}.Release|Any CPU.Build.0 = Release|x64
		{CDD0DAD5-AE92-4616-B647-F729A8200DEC}.Release|x64.ActiveCfg = Release|x64
		{CDD0DAD5-AE92-4616-B647-F729A8200DEC}.Release|x64.Build.0 = Release|x64
		{CDD0DAD5-AE92-4616-B647-F729A8200DEC}.Release|x86.ActiveCfg = Release|Win32
		{CDD0DAD5-AE92-4616-B647-F729A8200DEC}.Release|x86.Build.0 = Release|Win32
		{8B31B26F-FA3A-4F2E-8B50-17CBC675D881}.Debug|Any CPU.ActiveCfg = Debug|x64
		{8B31B26F-FA3A-4F2E-8B50-17CBC675D881}.Debug|Any CPU.Build.0 = Debug|x64
		{8B31B26F-FA3A-4F2E-8B50-17CBC675D881}.Debug|x64.ActiveCfg = Debug|x64
		{8B31B26F-FA3A-4F2E-8B50-17CBC675D881}.Debug|x64.Build.0 = Debug|x64
		{8B31B26F-FA3A-4F2E-8B50-17CBC675D881}.Debug|x86.ActiveCfg = Debug|Win32
		{8B31B26F-FA3A-4F2E-8B50-17CBC675D881}.Debug|x86.Build.0 = Debug|Win32
		{8B31B26F-FA3A-4F2E-8B50-17CBC675D881}.Release|Any CPU.ActiveCfg = Release|x64
		{8B31B26F-FA3A-4F2E-8B50-17CBC675D881}.Release|Any CPU.Build.0 = Release|x64
		{8B31B26F-FA3A-4F2E-8B50-17CBC675D881}.Release|x64.ActiveCfg = Release|x64
		{8B31B26F-FA3A-4F2E-8B50-17CBC675D881}.Release|x64.Build.0 = Release|x64
		{8B31B26F-FA3A-4F2E-8B50-17CBC675D881}.Release|x86.ActiveCfg = Release|Win32
		{8B31B26F-FA3A-4F2E-8B50-17CBC675D881}.Release|x86.Build.0 = Release|Win32
		{303FC049-4C82-4344-8E42-F37FC6AB9BE3}.Debug|Any CPU.ActiveCfg = Debug|x64
		{303FC049-4C82-4344-8E42-F37FC6AB9BE3}.Debug|Any CPU.Build.0 = Debug|x64
		{303FC049-4C82-4344-8E42-F37FC6AB9BE3}.Debug|x64.ActiveCfg = Debug|x64
		{303FC049-4C82-4344-8E42-F37FC6AB9BE3}.Debug|x64.Build.0 = Debug|x64
		{303FC049-4C82-4344-8E42-F37FC6AB9BE3}.Debug|x86.ActiveCfg = Debug|Win32
		{303FC049-4C82-4344-8E42-F37FC6AB9BE3}.Debug|x86.Build.0 = Debug|Win32
		{303FC049-4C82-4344-8E42-F37FC6AB9BE3}.Release|Any CPU.ActiveCfg = Release|x64
		{303FC049-4C82-4344-8E42-F37FC6AB9BE3}.Release|Any CPU.Build.0 = Release|x64
		{303FC049-4C82-4344-8E42-F37FC6AB9BE3}.Release|x64.ActiveCfg = Release|x64
		{303FC049-4C82-4344-8E42-F37FC6AB9BE3}.Release|x64.Build.0 = Release|x64
		{303FC049-4C82-4344-8E42-F37FC6AB9BE3}.Release|x86.ActiveCfg = Release|Win32
		{303FC049-4C82-4344-8E42-F37FC6AB9BE3}.Release|x86.Build.0 = Release|Win32
		{7681E6C8-327B-47CB-BA3B-CBB5D1940FB0}.Debug|Any CPU.ActiveCfg = Debug|x64
		{7681E6C8-327B-47CB-BA3B-CBB5D1940FB0}.Debug|Any CPU.Build.0 = Debug|x64
		{7681E6C8-327B-47CB-BA3B-CBB5D1940FB0}.Debug|x64.ActiveCfg = Debug|x64
		{7681E6C8-327B-47CB-BA3B-CBB5D1940FB0}.Debug|x64.Build.0 = Debug|x64
		{7681E6C8-327B-47CB-BA3B-CBB5D1940FB0}.Debug|x86.ActiveCfg = Debug|Win32
		{7681E6C8-327B-47CB-BA3B-CBB5D1940FB0}.Debug|x86.Build.0 = Debug|Win32
		{7681E6C8-327B-47CB-BA3B-CBB5D1940FB0}.Release|Any CPU.ActiveCfg = Release|x64
		{7681E6C8-327B-47CB-BA3B-CBB5D1940FB0}.Release|Any CPU.Build.0 = Release|x64
		{7681E6C8-327B-47CB-BA3B-CBB5D1940FB0}.Release|x64.ActiveCfg = Release|x64
		{7681E6C8-327B-47CB-BA3B-CBB5D1940FB0}.Release|x64.Build.0 = Release|x64
		{7681E6C8-327B-47CB-BA3B-CBB5D1940FB0}.Release|x86.ActiveCfg = Release|Win32
		{7681E6C8-327B-47CB-BA3B-CBB5D1940FB0}.Release|x86.Build.0 = Release|Win32
		{77F238CB-2791-4CF5-8E7C-5FD32AE3EA34}.Debug|Any CPU.ActiveCfg = Debug|x64
		{77F238CB-2791-4CF5-8E7C-5FD32AE3EA34}.Debug|Any CPU.Build.0 = Debug|x64
		{77F238CB-2791-4CF5-8E7C-5FD32AE3EA34}.Debug|x64.ActiveCfg = Debug|x64
		{77F238CB-2791-4CF5-8E7C-5FD32AE3EA34}.Debug|x64.Build.0 = Debug|x64
		{77F238CB-2791-4CF5-8E7C-5FD32AE3EA34}.Debug|x86.ActiveCfg = Debug|Win32
		{77F238CB-2791-4CF5-8E7C-5FD32AE3EA34}.Debug|x86.Build.0 = Debug|Win32
		{77F238CB-2791-4CF5-8E7C-5FD32AE3EA34}.Release|Any CPU.ActiveCfg = Release|x64
		{77F238CB-2791-4CF5-8E7C-5FD32AE3EA34}.Release|Any CPU.Build.0 = Release|x64
		{77F238CB-2791-4CF5-8E7C-5FD32AE3EA34}.Release|x64.ActiveCfg = Release|x64
		{77F238CB-2791-4CF5-8E7C-5FD32AE3EA34}.Release|x64.Build.0 = Release|x64
		{77F238CB-2791-4CF5-8E7C-5FD32AE3EA34}.Release|x86.ActiveCfg = Release|Win32
		{77F238CB-2791-4CF5-8E7C-5FD32AE3EA34}.Release|x86.Build.0 = Release|Win32
		{6A2E7B1C-9655-473E-9ECE-266162263958}.Debug|Any CPU.ActiveCfg = Debug|x64
		{6A2E7B1C-9655-473E-9ECE-266162263958}.Debug|Any CPU.Build.0 = Debug|x64
		{6A2E7B1C-9655-473E-9ECE-266162263958}.Debug|x64.ActiveCfg = Debug|x64
		{6A2E7B1C-9655-473E-9ECE-266162263958}.Debug|x64.Build.0 = Debug|x64
		{6A2E7B1C-9655-473E-9ECE-266162263958}.Debug|x86.ActiveCfg = Debug|Win32
		{6A2E7B1C-9655-473E-9ECE-266162263958}.Debug|x86.Build.0 = Debug|Win32
		{6A2E7B1C-9655-473E-9ECE-266162263958}.Release|Any CPU.ActiveCfg = Release|x64
		{6A2E7B1C-9655-473E-9ECE-266162263958}.Release|Any CPU.Build.0 = Release|x64
		{6A2E7B1C-9655-473E-9ECE-266162263958}.Release|x64.ActiveCfg = Release|x64
		{6A2E7B1C-9655-473E-9ECE-266162263958}.Release|x64.Build.0 = Release|x64
		{6A2E7B1C-9655-473E-9ECE-266162263958}.Release|x86.ActiveCfg = Release|Win32
		{6A2E7B1C-9655-473E-9ECE-266162263958}.Release|x86.Build.0 = Release|Win32
		{50350BF6-7273-45F5-AAC1-4E5EA45D85DD}.Debug|Any CPU.ActiveCfg = Debug|x64
		{50350BF6-7273-45F5-AAC1-4E5EA45D85DD}.Debug|Any CPU.Build.0 = Debug|x64
		{50350BF6-7273-45F5-AAC1-4E5EA45D85DD}.Debug|x64.ActiveCfg = Debug|x64
		{50350BF6-7273-45F5-AAC1-4E5EA45D85DD}.Debug|x64.Build.0 = Debug|x64
		{50350BF6-7273-45F5-AAC1-4E5EA45D85DD}.Debug|x86.ActiveCfg = Debug|Win32
		{50350BF6-7273-45F5-AAC1-4E5EA45D85DD}.Debug|x86.Build.0 = Debug|Win32
		{50350BF6-7273-45F5-AAC1-4E5EA45D85DD}.Release|Any CPU.ActiveCfg = Release|x64
		{50350BF6-7273-45F5-AAC1-4E5EA45D85DD}.Release|Any CPU.Build.0 = Release|x64
		{50350BF6-7273-45F5-AAC1-4E5EA45D85DD}.Release|x64.ActiveCfg = Release|x64
		{50350BF6-7273-45F5-AAC1-4E5EA45D85DD}.Release|x64.Build.0 = Release|x64
		{50350BF6-7273-45F5-AAC1-4E5EA45D85DD}.Release|x86.ActiveCfg = Release|Win32
		{50350BF6-7273-45F5-AAC1-4E5EA45D85DD}.Release|x86.Build.0 = Release|Win32
		{223BF79C-33FD-4222-91F0-3A6EE0B0F08B}.Debug|Any CPU.ActiveCfg = Debug|x64
		{223BF79C-33FD-4222-91F0-3A6EE0B0F08B}.Debug|Any CPU.Build.0 = Debug|x64
		{223BF79C-33FD-4222-91F0-3A6EE0B0F08B}.Debug|x64.ActiveCfg = Debug|x64
		{223BF79C-33FD-4222-91F0-3A6EE0B0F08B}.Debug|x64.Build.0 = Debug|x64
		{223BF79C-33FD-4222-91F0-3A6EE0B0F08B}.Debug|x86.ActiveCfg = Debug|Win32
		{223BF79C-33FD-4222-91F0-3A6EE0B0F08B}.Debug|x86.Build.0 = Debug|Win32
		{223BF79C-33FD-4222-91F0-3A6EE0B0F08B}.Release|Any CPU.ActiveCfg = Release|x64
		{223BF79C-33FD-4222-91F0-3A6EE0B0F08B}.Release|Any CPU.Build.0 = Release|x64
		{223BF79C-33FD-4222-91F0-3A6EE0B0F08B}.Release|x64.ActiveCfg = Release|x64
		{223BF79C-33FD-4222-91F0-3A6EE0B0F08B}.Release|x64.Build.0 = Release|x64
		{223BF79C-33FD-4222-91F0-3A6EE0B0F08B}.Release|x86.ActiveCfg = Release|Win32
		{223BF79C-33FD-4222-91F0-3A6EE0B0F08B}.Release|x86.Build.0 = Release|Win32
		{B1EB9EBE-304F-4D25-8554-D8F1D5FDF34E}.Debug|Any CPU.ActiveCfg = Debug|x64
		{B1EB9EBE-304F-4D25-8554-D8F1D5FDF34E}.Debug|Any CPU.Build.0 = Debug|x64
		{B1EB9EBE-304F-4D25-8554-D8F1D5FDF34E}.Debug|x64.ActiveCfg = Debug|x64
		{B1EB9EBE-304F-4D25-8554-D8F1D5FDF34E}.Debug|x64.Build.0 = Debug|x64
		{B1EB9EBE-304F-4D25-8554-D8F1D5FDF34E}.Debug|x86.ActiveCfg = Debug|Win32
		{B1EB9EBE-304F-4D25-8554-D8F1D5FDF34E}.Debug|x86.Build.0 = Debug|Win32
		{B1EB9EBE-304F-4D25-8554-D8F1D5FDF34E}.Release|Any CPU.ActiveCfg = Release|x64
		{B1EB9EBE-304F-4D25-8554-D8F1D5FDF34E}.Release|Any CPU.Build.0 = Release|x64
		{B1EB9EBE-304F-4D25-8554-D8F1D5FDF34E}.Release|x64.ActiveCfg = Release|x64
		{B1EB9EBE-304F-4D25-8554-D8F1D5FDF34E}.Release|x64.Build.0 = Release|x64
		{B1EB9EBE-304F-4D25-8554-D8F1D5FDF34E}.Release|x86.ActiveCfg = Release|Win32
		{B1EB9EBE-304F-4D25-8554-D8F1D5FDF34E}.Release|x86.Build.0 = Release|Win32
		{724B659C-0FF4-4F11-971D-4512EA2E3650}.Debug|Any CPU.ActiveCfg = Debug|x64
		{724B659C-0FF4-4F11-971D-4512EA2E3650}.Debug|Any CPU.Build.0 = Debug|x64
		{724B659C-0FF4-4F11-971D-4512EA2E3650}.Debug|x64.ActiveCfg = Debug|x64
		{724B659C-0FF4-4F11-971D-4512EA2E3650}.Debug|x64.Build.0 = Debug|x64
		{724B659C-0FF4-4F11-971D-4512EA2E3650}.Debug|x86.ActiveCfg = Debug|Win32
		{724B659C-0FF4-4F11-971D-4512EA2E3650}.Debug|x86.Build.0 = Debug|Win32
		{724B659C-0FF4-4F11-971D-4512EA2E3650}.Release|Any CPU.ActiveCfg = Release|x64
		{724B659C-0FF4-4F11-971D-4512EA2E3650}.Release|Any CPU.Build.0 = Release|x64
		{724B659C-0FF4-4F11-971D-4512EA2E3650}.Release|x64.ActiveCfg = Release|x64
		{724B659C-0FF4-4F11-971D-4512EA2E3650}.Release|x64.Build.0 = Release|x64
		{724B659C-0FF4-4F11-971D-4512EA2E3650}.Release|x86.ActiveCfg = Release|Win32
		{724B659C-0FF4-4F11-971D-4512EA2E3650}.Release|x86.Build.0 = Release|Win32
		{20231DF0-4AC1-4F5F-A65F-AA51C27F852F}.Debug|Any CPU.ActiveCfg = Debug|x64
		{20231DF0-4AC1-4F5F-A65F-AA51C27F852F}.Debug|Any CPU.Build.0 = Debug|x64
		{20231DF0-4AC1-4F5F-A65F-AA51C27F852F}.Debug|x64.ActiveCfg = Debug|x64
		{20231DF0-4AC1-4F5F-A65F-AA51C27F852F}.Debug|x64.Build.0 = Debug|x64
		{20231DF0-4AC1-4F5F-A65F-AA51C27F852F}.Debug|x86.ActiveCfg = Debug|Win32
		{20231DF0-4AC1-4F5F-A65F-AA51C27F852F}.Debug|x86.Build.0 = Debug|Win32
		{20231DF0-4AC1-4F5F-A65F-AA51C27F852F}.Release|Any CPU.ActiveCfg = Release|x64
		{20231DF0-4AC1-4F5F-A65F-AA51C27F852F}.Release|Any CPU.Build.0 = Release|x64
		{20231DF0-4AC1-4F5F-A65F-AA51C27F852F}.Release|x64.ActiveCfg = Release|x64
		{20231DF0-4AC1-4F5F-A65F-AA51C27F852F}.Release|x64.Build.0 = Release|x64
		{20231DF0-4AC1-4F5F-A65F-AA51C27F852F}.Release|x86.ActiveCfg = Release|Win32
		{20231DF0-4AC1-4F5F-A65F-AA51C27F852F}.Release|x86.Build.0 = Release|Win32
		{7F42B359-235A-4433-94C6-6B9AE092D6C7}.Debug|Any CPU.ActiveCfg = Debug|x64
		{7F42B359-235A-4433-94C6-6B9AE092D6C7}.Debug|Any CPU.Build.0 = Debug|x64
		{7F42B359-235A-4433-94C6-6B9AE092D6C7}.Debug|x64.ActiveCfg = Debug|x64
		{7F42B359-235A-4433-94C6-6B9AE092D6C7}.Debug|x64.Build.0 = Debug|x64
		{7F42B359-235A-4433-94C6-6B9AE092D6C7}.Debug|x86.ActiveCfg = Debug|Win32
		{7F42B359-235A-4433-94C6-6B9AE092D6C7}.Debug|x86.Build.0 = Debug|Win32
		{7F42B359-235A-4433-94C6-6B9AE092D6C7}.Release|Any CPU.ActiveCfg = Release|x64
		{7F42B359-235A-4433-94C6-6B9AE092D6C7}.Release|Any CPU.Build.0 = Release|x64
		{7F42B359-235A-4433-94C6-6B9AE092D6C7}.Release|x64.ActiveCfg = Release|x64
		{7F42B359-235A-4433-94C6-6B9AE092D6C7}.Release|x64.Build.0 = Release|x64
		{7F42B359-235A-4433-94C6-6B9AE092D6C7}.Release|x86.ActiveCfg = Release|Win32
		{7F42B359-235A-4433-94C6-6B9AE092D6C7}.Release|x86.Build.0 = Release|Win32
		{0057A3CF-C65F-4F42-B1DC-9D517E98E5B4}.Debug|Any CPU.ActiveCfg = Debug|x64
		{0057A3CF-C65F-4F42-B1DC-9D517E98E5B4}.Debug|Any CPU.Build.0 = Debug|x64
		{0057A3CF-C65F-4F42-B1DC-9D517E98E5B4}.Debug|x64.ActiveCfg = Debug|x64
		{0057A3CF-C65F-4F42-B1DC-9D517E98E5B4}.Debug|x64.Build.0 = Debug|x64
		{0057A3CF-C65F-4F42-B1DC-9D517E98E5B4}.Debug|x86.ActiveCfg = Debug|Win32
		{0057A3CF-C65F-4F42-B1DC-9D517E98E5B4}.Debug|x86.Build.0 = Debug|Win32
		{0057A3CF-C65F-4F42-B1DC-9D517E98E5B4}.Release|Any CPU.ActiveCfg = Release|x64
		{0057A3CF-C65F-4F42-B1DC-9D517E98E5B4}.Release|Any CPU.Build.0 = Release|x64
		{0057A3CF-C65F-4F42-B1DC-9D517E98E5B4}.Release|x64.ActiveCfg = Release|x64
		{0057A3CF-C65F-4F42-B1DC-9D517E98E5B4}.Release|x64.Build.0 = Release|x64
		{0057A3CF-C65F-4F42-B1DC-9D517E98E5B4}.Release|x86.ActiveCfg = Release|Win32
		{0057A3CF-C65F-4F42-B1DC-9D517E98E5B4}.Release|x86.Build.0 = Release|Win32
		{8FD3691D-F419-412A-8087-AD4F9A525808}.Debug|Any CPU.ActiveCfg = Debug|x64
		{8FD3691D-F419-412A-8087-AD4F9A525808}.Debug|Any CPU.Build.0 = Debug|x64
		{8FD3691D-F419-412A-8087-AD4F9A525808}.Debug|x64.ActiveCfg = Debug|x64
		{8FD3691D-F419-412A-8087-AD4F9A525808}.Debug|x64.Build.0 = Debug|x64
		{8FD3691D-F419-412A-8087-AD4F9A525808}.Debug|x86.ActiveCfg = Debug|Win32
		{8FD3691D-F419-412A-8087-AD4F9A525808}.Debug|x86.Build.0 = Debug|Win32
		{8FD3691D-F419-412A-8087-AD4F9A525808}.Release|Any CPU.ActiveCfg = Release|x64
		{8FD3691D-F419-412A-8087-AD4F9A525808}.Release|Any CPU.Build.0 = Release|x64
		{8FD3691D-F419-412A-8087-AD4F9A525808}.Release|x64.ActiveCfg = Release|x64
		{8FD3691D-F419-412A-8087-AD4F9A525808}.Release|x64.Build.0 = Release|x64
		{8FD3691D-F419-412A-8087-AD4F9A525808}.Release|x86.ActiveCfg = Release|Win32
		{8FD3691D-F419-412A-8087-AD4F9A525808}.Release|x86.Build.0 = Release|Win32
		{76A05EAC-1080-47AD-8AF0-BA60653FCC53}.Debug|Any CPU.ActiveCfg = Debug|x64
		{76A05EAC-1080-47AD-8AF0-BA60653FCC53}.Debug|Any CPU.Build.0 = Debug|x64
		{76A05EAC-1080-47AD-8AF0-BA60653FCC53}.Debug|x64.ActiveCfg = Debug|x64
		{76A05EAC-1080-47AD-8AF0-BA60653FCC53}.Debug|x64.Build.0 = Debug|x64
		{76A05EAC-1080-47AD-8AF0-BA60653FCC53}.Debug|x86.ActiveCfg = Debug|Win32
		{76A05EAC-1080-47AD-8AF0-BA60653FCC53}.Debug|x86.Build.0 = Debug|Win32
		{76A05EAC-1080-47AD-8AF0-BA60653FCC53}.Release|Any CPU.ActiveCfg = Release|x64
		{76A05EAC-1080-47AD-8AF0-BA60653FCC53}.Release|Any CPU.Build.0 = Release|x64
		{76A05EAC-1080-47AD-8AF0-BA60653FCC53}.Release|x64.ActiveCfg = Release|x64
		{76A05EAC-1080-47AD-8AF0-BA60653FCC53}.Release|x64.Build.0 = Release|x64
		{76A05EAC-1080-47AD-8AF0-BA60653FCC53}.Release|x86.ActiveCfg = Release|Win32
		{76A05EAC-1080-47AD-8AF0-BA60653FCC53}.Release|x86.Build.0 = Release|Win32
		{30967F46-DA60-43CC-9B59-BB5BA81115F7}.Debug|Any CPU.ActiveCfg = Debug|x64
		{30967F46-DA60-43CC-9B59-BB5BA81115F7}.Debug|Any CPU.Build.0 = Debug|x64
		{30967F46-DA60-43CC-9B59-BB5BA81115F7}.Debug|x64.ActiveCfg = Debug|x64
		{30967F46-DA60-43CC-9B59-BB5BA81115F7}.Debug|x64.Build.0 = Debug|x64
		{30967F46-DA60-43CC-9B59-BB5BA81115F7}.Debug|x86.ActiveCfg = Debug|Win32
		{30967F46-DA60-43CC-9B59-BB5BA81115F7}.Debug|x86.Build.0 = Debug|Win32
		{30967F46-DA60-43CC-9B59-BB5BA81115F7}.Release|Any CPU.ActiveCfg = Release|x64
		{30967F46-DA60-43CC-9B59-BB5BA81115F7}.Release|Any CPU.Build.0 = Release|x64
		{30967F46-DA60-43CC-9B59-BB5BA81115F7}.Release|x64.ActiveCfg = Release|x64
		{30967F46-DA60-43CC-9B59-BB5BA81115F7}.Release|x64.Build.0 = Release|x64
		{30967F46-DA60-43CC-9B59-BB5BA81115F7}.Release|x86.ActiveCfg = Release|Win32
		{30967F46-DA60-43CC-9B59-BB5BA81115F7}.Release|x86.Build.0 = Release|Win32
		{7787FB8F-7B41-4EAB-AC78-7140383AE3E6}.Debug|Any CPU.ActiveCfg = Debug|x64
		{7787FB8F-7B41-4EAB-AC78-7140383AE3E6}.Debug|Any CPU.Build.0 = Debug|x64
		{7787FB8F-7B41-4EAB-AC78-7140383AE3E6}.Debug|x64.ActiveCfg = Debug|x64
		{7787FB8F-7B41-4EAB-AC78-7140383AE3E6}.Debug|x64.Build.0 = Debug|x64
		{7787FB8F-7B41-4EAB-AC78-7140383AE3E6}.Debug|x86.ActiveCfg = Debug|Win32
		{7787FB8F-7B41-4EAB-AC78-7140383AE3E6}.Debug|x86.Build.0 = Debug|Win32
		{7787FB8F-7B41-4EAB-AC78-7140383AE3E6}.Release|Any CPU.ActiveCfg = Release|x64
		{7787FB8F-7B41-4EAB-AC78-7140383AE3E6}.Release|Any CPU.Build.0 = Release|x64
		{7787FB8F-7B41-4EAB-AC78-7140383AE3E6}.Release|x64.ActiveCfg = Release|x64
		{7787FB8F-7B41-4EAB-AC78-7140383AE3E6}.Release|x64.Build.0 = Release|x64
		{7787FB8F-7B41-4EAB-AC78-7140383AE3E6}.Release|x86.ActiveCfg = Release|Win32
		{7787FB8F-7B41-4EAB-AC78-7140383AE3E6}.Release|x86.Build.0 = Release|Win32
		{14AF1A8E-A899-47B2-8F22-CCF22A9CC3BC}.Debug|Any CPU.ActiveCfg = Debug|x64
		{14AF1A8E-A899-47B2-8F22-CCF22A9CC3BC}.Debug|Any CPU.Build.0 = Debug|x64
		{14AF1A8E-A899-47B2-8F22-CCF22A9CC3BC}.Debug|x64.ActiveCfg = Debug|x64
		{14AF1A8E-A899-47B2-8F22-CCF22A9CC3BC}.Debug|x64.Build.0 = Debug|x64
		{14AF1A8E-A899-47B2-8F22-CCF22A9CC3BC}.Debug|x86.ActiveCfg = Debug|Win32
		{14AF1A8E-A899-47B2-8F22-CCF22A9CC3BC}.Debug|x86.Build.0 = Debug|Win32
		{14AF1A8E-A899-47B2-8F22-CCF22A9CC3BC}.Release|Any CPU.ActiveCfg = Release|x64
		{14AF1A8E-A899-47B2-8F22-CCF22A9CC3BC}.Release|Any CPU.Build.0 = Release|x64
		{14AF1A8E-A899-47B2-8F22-CCF22A9CC3BC}.Release|x64.ActiveCfg = Release|x64
		{14AF1A8E-A899-47B2-8F22-CCF22A9CC3BC}.Release|x64.Build.0 = Release|x64
		{14AF1A8E-A899-47B2-8F22-CCF22A9CC3BC}.Release|x86.ActiveCfg = Release|Win32
		{14AF1A8E-A899-47B2-8F22-CCF22A9CC3BC}.Release|x86.Build.0 = Release|Win32
	EndGlobalSection
	GlobalSection(SolutionProperties) = preSolution
		HideSolutionNode = FALSE
	EndGlobalSection
	GlobalSection(ExtensibilityGlobals) = postSolution
		SolutionGuid = {E5A54C3F-6002-4CE9-9C68-D4782D7678BC}
	EndGlobalSection
EndGlobal
