
Microsoft Visual Studio Solution File, Format Version 12.00
# Visual Studio Version 17
VisualStudioVersion = 17.13.35818.85
MinimumVisualStudioVersion = 10.0.40219.1
Project("{8BC9CEB8-8B4A-11D0-8D11-00A0C91BC942}") = "01_", "01_\01_.vcxproj", "{2D220803-75D2-4DA4-B59B-DF84E523857F}"
EndProject
Project("{8BC9CEB8-8B4A-11D0-8D11-00A0C91BC942}") = "02_Logic_Operator", "02_Logic_Operator\02_Logic_Operator.vcxproj", "{4B40079C-5478-4461-874C-D5A6DCE82E2B}"
EndProject
Project("{8BC9CEB8-8B4A-11D0-8D11-00A0C91BC942}") = "03_Switch_Enum_04_While", "03_Switch_Enum_04_While\03_Switch_Enum_04_While.vcxproj", "{F4EF27EA-9276-487B-9C19-F21FC604C5A1}"
EndProject
Project("{8BC9CEB8-8B4A-11D0-8D11-00A0C91BC942}") = "05_for_06_includeCycles", "05_for_06_includeCycles\05_for_06_includeCycles.vcxproj", "{BAAEA332-8285-4BE9-8970-55E1C16E0C50}"
EndProject
Project("{8BC9CEB8-8B4A-11D0-8D11-00A0C91BC942}") = "07_Array_debugger", "07_Array_debugger\07_Array_debugger.vcxproj", "{CDD0DAD5-AE92-4616-B647-F729A8200DEC}"
EndProject
Project("{8BC9CEB8-8B4A-11D0-8D11-00A0C91BC942}") = "08_Random_Matrix", "08_Random_Matrix\08_Random_Matrix.vcxproj", "{8B31B26F-FA3A-4F2E-8B50-17CBC675D881}"
EndProject
Project("{8BC9CEB8-8B4A-11D0-8D11-00A0C91BC942}") = "09_Functions", "09_Functions\09_Functions.vcxproj", "{303FC049-4C82-4344-8E42-F37FC6AB9BE3}"
EndProject
Project("{8BC9CEB8-8B4A-11D0-8D11-00A0C91BC942}") = "10_Overload_Function_and_Template", "10_Overload_Function_and_Template\10_Overload_Function_and_Template.vcxproj", "{7681E6C8-327B-47CB-BA3B-CBB5D1940FB0}"
EndProject
Project("{8BC9CEB8-8B4A-11D0-8D11-00A0C91BC942}") = "11_Search_Arrange_array_Recursion", "11_Search_Arrange_array_Recursion\11_Search_Arrange_array_Recursion.vcxproj", "{77F238CB-2791-4CF5-8E7C-5FD32AE3EA34}"
EndProject
Project("{8BC9CEB8-8B4A-11D0-8D11-00A0C91BC942}") = "12_Pointer", "12_Pointer\12_Pointer.vcxproj", "{6A2E7B1C-9655-473E-9ECE-266162263958}"
EndProject
Global
	GlobalSection(SolutionConfigurationPlatforms) = preSolution
		Debug|x64 = Debug|x64
		Debug|x86 = Debug|x86
		Release|x64 = Release|x64
		Release|x86 = Release|x86
	EndGlobalSection
	GlobalSection(ProjectConfigurationPlatforms) = postSolution
		{2D220803-75D2-4DA4-B59B-DF84E523857F}.Debug|x64.ActiveCfg = Debug|x64
		{2D220803-75D2-4DA4-B59B-DF84E523857F}.Debug|x64.Build.0 = Debug|x64
		{2D220803-75D2-4DA4-B59B-DF84E523857F}.Debug|x86.ActiveCfg = Debug|Win32
		{2D220803-75D2-4DA4-B59B-DF84E523857F}.Debug|x86.Build.0 = Debug|Win32
		{2D220803-75D2-4DA4-B59B-DF84E523857F}.Release|x64.ActiveCfg = Release|x64
		{2D220803-75D2-4DA4-B59B-DF84E523857F}.Release|x64.Build.0 = Release|x64
		{2D220803-75D2-4DA4-B59B-DF84E523857F}.Release|x86.ActiveCfg = Release|Win32
		{2D220803-75D2-4DA4-B59B-DF84E523857F}.Release|x86.Build.0 = Release|Win32
		{4B40079C-5478-4461-874C-D5A6DCE82E2B}.Debug|x64.ActiveCfg = Debug|x64
		{4B40079C-5478-4461-874C-D5A6DCE82E2B}.Debug|x64.Build.0 = Debug|x64
		{4B40079C-5478-4461-874C-D5A6DCE82E2B}.Debug|x86.ActiveCfg = Debug|Win32
		{4B40079C-5478-4461-874C-D5A6DCE82E2B}.Debug|x86.Build.0 = Debug|Win32
		{4B40079C-5478-4461-874C-D5A6DCE82E2B}.Release|x64.ActiveCfg = Release|x64
		{4B40079C-5478-4461-874C-D5A6DCE82E2B}.Release|x64.Build.0 = Release|x64
		{4B40079C-5478-4461-874C-D5A6DCE82E2B}.Release|x86.ActiveCfg = Release|Win32
		{4B40079C-5478-4461-874C-D5A6DCE82E2B}.Release|x86.Build.0 = Release|Win32
		{F4EF27EA-9276-487B-9C19-F21FC604C5A1}.Debug|x64.ActiveCfg = Debug|x64
		{F4EF27EA-9276-487B-9C19-F21FC604C5A1}.Debug|x64.Build.0 = Debug|x64
		{F4EF27EA-9276-487B-9C19-F21FC604C5A1}.Debug|x86.ActiveCfg = Debug|Win32
		{F4EF27EA-9276-487B-9C19-F21FC604C5A1}.Debug|x86.Build.0 = Debug|Win32
		{F4EF27EA-9276-487B-9C19-F21FC604C5A1}.Release|x64.ActiveCfg = Release|x64
		{F4EF27EA-9276-487B-9C19-F21FC604C5A1}.Release|x64.Build.0 = Release|x64
		{F4EF27EA-9276-487B-9C19-F21FC604C5A1}.Release|x86.ActiveCfg = Release|Win32
		{F4EF27EA-9276-487B-9C19-F21FC604C5A1}.Release|x86.Build.0 = Release|Win32
		{BAAEA332-8285-4BE9-8970-55E1C16E0C50}.Debug|x64.ActiveCfg = Debug|x64
		{BAAEA332-8285-4BE9-8970-55E1C16E0C50}.Debug|x64.Build.0 = Debug|x64
		{BAAEA332-8285-4BE9-8970-55E1C16E0C50}.Debug|x86.ActiveCfg = Debug|Win32
		{BAAEA332-8285-4BE9-8970-55E1C16E0C50}.Debug|x86.Build.0 = Debug|Win32
		{BAAEA332-8285-4BE9-8970-55E1C16E0C50}.Release|x64.ActiveCfg = Release|x64
		{BAAEA332-8285-4BE9-8970-55E1C16E0C50}.Release|x64.Build.0 = Release|x64
		{BAAEA332-8285-4BE9-8970-55E1C16E0C50}.Release|x86.ActiveCfg = Release|Win32
		{BAAEA332-8285-4BE9-8970-55E1C16E0C50}.Release|x86.Build.0 = Release|Win32
		{CDD0DAD5-AE92-4616-B647-F729A8200DEC}.Debug|x64.ActiveCfg = Debug|x64
		{CDD0DAD5-AE92-4616-B647-F729A8200DEC}.Debug|x64.Build.0 = Debug|x64
		{CDD0DAD5-AE92-4616-B647-F729A8200DEC}.Debug|x86.ActiveCfg = Debug|Win32
		{CDD0DAD5-AE92-4616-B647-F729A8200DEC}.Debug|x86.Build.0 = Debug|Win32
		{CDD0DAD5-AE92-4616-B647-F729A8200DEC}.Release|x64.ActiveCfg = Release|x64
		{CDD0DAD5-AE92-4616-B647-F729A8200DEC}.Release|x64.Build.0 = Release|x64
		{CDD0DAD5-AE92-4616-B647-F729A8200DEC}.Release|x86.ActiveCfg = Release|Win32
		{CDD0DAD5-AE92-4616-B647-F729A8200DEC}.Release|x86.Build.0 = Release|Win32
		{8B31B26F-FA3A-4F2E-8B50-17CBC675D881}.Debug|x64.ActiveCfg = Debug|x64
		{8B31B26F-FA3A-4F2E-8B50-17CBC675D881}.Debug|x64.Build.0 = Debug|x64
		{8B31B26F-FA3A-4F2E-8B50-17CBC675D881}.Debug|x86.ActiveCfg = Debug|Win32
		{8B31B26F-FA3A-4F2E-8B50-17CBC675D881}.Debug|x86.Build.0 = Debug|Win32
		{8B31B26F-FA3A-4F2E-8B50-17CBC675D881}.Release|x64.ActiveCfg = Release|x64
		{8B31B26F-FA3A-4F2E-8B50-17CBC675D881}.Release|x64.Build.0 = Release|x64
		{8B31B26F-FA3A-4F2E-8B50-17CBC675D881}.Release|x86.ActiveCfg = Release|Win32
		{8B31B26F-FA3A-4F2E-8B50-17CBC675D881}.Release|x86.Build.0 = Release|Win32
		{303FC049-4C82-4344-8E42-F37FC6AB9BE3}.Debug|x64.ActiveCfg = Debug|x64
		{303FC049-4C82-4344-8E42-F37FC6AB9BE3}.Debug|x64.Build.0 = Debug|x64
		{303FC049-4C82-4344-8E42-F37FC6AB9BE3}.Debug|x86.ActiveCfg = Debug|Win32
		{303FC049-4C82-4344-8E42-F37FC6AB9BE3}.Debug|x86.Build.0 = Debug|Win32
		{303FC049-4C82-4344-8E42-F37FC6AB9BE3}.Release|x64.ActiveCfg = Release|x64
		{303FC049-4C82-4344-8E42-F37FC6AB9BE3}.Release|x64.Build.0 = Release|x64
		{303FC049-4C82-4344-8E42-F37FC6AB9BE3}.Release|x86.ActiveCfg = Release|Win32
		{303FC049-4C82-4344-8E42-F37FC6AB9BE3}.Release|x86.Build.0 = Release|Win32
		{7681E6C8-327B-47CB-BA3B-CBB5D1940FB0}.Debug|x64.ActiveCfg = Debug|x64
		{7681E6C8-327B-47CB-BA3B-CBB5D1940FB0}.Debug|x64.Build.0 = Debug|x64
		{7681E6C8-327B-47CB-BA3B-CBB5D1940FB0}.Debug|x86.ActiveCfg = Debug|Win32
		{7681E6C8-327B-47CB-BA3B-CBB5D1940FB0}.Debug|x86.Build.0 = Debug|Win32
		{7681E6C8-327B-47CB-BA3B-CBB5D1940FB0}.Release|x64.ActiveCfg = Release|x64
		{7681E6C8-327B-47CB-BA3B-CBB5D1940FB0}.Release|x64.Build.0 = Release|x64
		{7681E6C8-327B-47CB-BA3B-CBB5D1940FB0}.Release|x86.ActiveCfg = Release|Win32
		{7681E6C8-327B-47CB-BA3B-CBB5D1940FB0}.Release|x86.Build.0 = Release|Win32
		{77F238CB-2791-4CF5-8E7C-5FD32AE3EA34}.Debug|x64.ActiveCfg = Debug|x64
		{77F238CB-2791-4CF5-8E7C-5FD32AE3EA34}.Debug|x64.Build.0 = Debug|x64
		{77F238CB-2791-4CF5-8E7C-5FD32AE3EA34}.Debug|x86.ActiveCfg = Debug|Win32
		{77F238CB-2791-4CF5-8E7C-5FD32AE3EA34}.Debug|x86.Build.0 = Debug|Win32
		{77F238CB-2791-4CF5-8E7C-5FD32AE3EA34}.Release|x64.ActiveCfg = Release|x64
		{77F238CB-2791-4CF5-8E7C-5FD32AE3EA34}.Release|x64.Build.0 = Release|x64
		{77F238CB-2791-4CF5-8E7C-5FD32AE3EA34}.Release|x86.ActiveCfg = Release|Win32
		{77F238CB-2791-4CF5-8E7C-5FD32AE3EA34}.Release|x86.Build.0 = Release|Win32
		{6A2E7B1C-9655-473E-9ECE-266162263958}.Debug|x64.ActiveCfg = Debug|x64
		{6A2E7B1C-9655-473E-9ECE-266162263958}.Debug|x64.Build.0 = Debug|x64
		{6A2E7B1C-9655-473E-9ECE-266162263958}.Debug|x86.ActiveCfg = Debug|Win32
		{6A2E7B1C-9655-473E-9ECE-266162263958}.Debug|x86.Build.0 = Debug|Win32
		{6A2E7B1C-9655-473E-9ECE-266162263958}.Release|x64.ActiveCfg = Release|x64
		{6A2E7B1C-9655-473E-9ECE-266162263958}.Release|x64.Build.0 = Release|x64
		{6A2E7B1C-9655-473E-9ECE-266162263958}.Release|x86.ActiveCfg = Release|Win32
		{6A2E7B1C-9655-473E-9ECE-266162263958}.Release|x86.Build.0 = Release|Win32
	EndGlobalSection
	GlobalSection(SolutionProperties) = preSolution
		HideSolutionNode = FALSE
	EndGlobalSection
	GlobalSection(ExtensibilityGlobals) = postSolution
		SolutionGuid = {E5A54C3F-6002-4CE9-9C68-D4782D7678BC}
	EndGlobalSection
EndGlobal
